// !$*UTF8*$!
{
	archiveVersion = 1;
	classes = {
	};
	objectVersion = 50;
	objects = {

/* Begin PBXBuildFile section */
		1C00DD5222833FC5002C954E /* AppDelegate.swift in Sources */ = {isa = PBXBuildFile; fileRef = 1C00DD5122833FC5002C954E /* AppDelegate.swift */; };
		1C00DD5422833FC5002C954E /* ViewController.swift in Sources */ = {isa = PBXBuildFile; fileRef = 1C00DD5322833FC5002C954E /* ViewController.swift */; };
		1C00DD5722833FC5002C954E /* Main.storyboard in Resources */ = {isa = PBXBuildFile; fileRef = 1C00DD5522833FC5002C954E /* Main.storyboard */; };
		1C00DD5922833FC6002C954E /* Assets.xcassets in Resources */ = {isa = PBXBuildFile; fileRef = 1C00DD5822833FC6002C954E /* Assets.xcassets */; };
		1C00DD5C22833FC6002C954E /* LaunchScreen.storyboard in Resources */ = {isa = PBXBuildFile; fileRef = 1C00DD5A22833FC6002C954E /* LaunchScreen.storyboard */; };
		1C00DD6722833FC7002C954E /* TestViewsTests.swift in Sources */ = {isa = PBXBuildFile; fileRef = 1C00DD6622833FC7002C954E /* TestViewsTests.swift */; };
		1C00DD7222833FC7002C954E /* TestViewsUITests.swift in Sources */ = {isa = PBXBuildFile; fileRef = 1C00DD7122833FC7002C954E /* TestViewsUITests.swift */; };
/* End PBXBuildFile section */

/* Begin PBXContainerItemProxy section */
		1C00DD6322833FC7002C954E /* PBXContainerItemProxy */ = {
			isa = PBXContainerItemProxy;
			containerPortal = 1C00DD4622833FC5002C954E /* Project object */;
			proxyType = 1;
			remoteGlobalIDString = 1C00DD4D22833FC5002C954E;
			remoteInfo = TestViews;
		};
		1C00DD6E22833FC7002C954E /* PBXContainerItemProxy */ = {
			isa = PBXContainerItemProxy;
			containerPortal = 1C00DD4622833FC5002C954E /* Project object */;
			proxyType = 1;
			remoteGlobalIDString = 1C00DD4D22833FC5002C954E;
			remoteInfo = TestViews;
		};
/* End PBXContainerItemProxy section */

/* Begin PBXFileReference section */
		1C00DD4E22833FC5002C954E /* TestViews.app */ = {isa = PBXFileReference; explicitFileType = wrapper.application; includeInIndex = 0; path = TestViews.app; sourceTree = BUILT_PRODUCTS_DIR; };
		1C00DD5122833FC5002C954E /* AppDelegate.swift */ = {isa = PBXFileReference; lastKnownFileType = sourcecode.swift; path = AppDelegate.swift; sourceTree = "<group>"; };
		1C00DD5322833FC5002C954E /* ViewController.swift */ = {isa = PBXFileReference; lastKnownFileType = sourcecode.swift; path = ViewController.swift; sourceTree = "<group>"; };
		1C00DD5622833FC5002C954E /* Base */ = {isa = PBXFileReference; lastKnownFileType = file.storyboard; name = Base; path = Base.lproj/Main.storyboard; sourceTree = "<group>"; };
		1C00DD5822833FC6002C954E /* Assets.xcassets */ = {isa = PBXFileReference; lastKnownFileType = folder.assetcatalog; path = Assets.xcassets; sourceTree = "<group>"; };
		1C00DD5B22833FC6002C954E /* Base */ = {isa = PBXFileReference; lastKnownFileType = file.storyboard; name = Base; path = Base.lproj/LaunchScreen.storyboard; sourceTree = "<group>"; };
		1C00DD5D22833FC6002C954E /* Info.plist */ = {isa = PBXFileReference; lastKnownFileType = text.plist.xml; path = Info.plist; sourceTree = "<group>"; };
		1C00DD6222833FC7002C954E /* TestViewsTests.xctest */ = {isa = PBXFileReference; explicitFileType = wrapper.cfbundle; includeInIndex = 0; path = TestViewsTests.xctest; sourceTree = BUILT_PRODUCTS_DIR; };
		1C00DD6622833FC7002C954E /* TestViewsTests.swift */ = {isa = PBXFileReference; lastKnownFileType = sourcecode.swift; path = TestViewsTests.swift; sourceTree = "<group>"; };
		1C00DD6822833FC7002C954E /* Info.plist */ = {isa = PBXFileReference; lastKnownFileType = text.plist.xml; path = Info.plist; sourceTree = "<group>"; };
		1C00DD6D22833FC7002C954E /* TestViewsUITests.xctest */ = {isa = PBXFileReference; explicitFileType = wrapper.cfbundle; includeInIndex = 0; path = TestViewsUITests.xctest; sourceTree = BUILT_PRODUCTS_DIR; };
		1C00DD7122833FC7002C954E /* TestViewsUITests.swift */ = {isa = PBXFileReference; lastKnownFileType = sourcecode.swift; path = TestViewsUITests.swift; sourceTree = "<group>"; };
		1C00DD7322833FC7002C954E /* Info.plist */ = {isa = PBXFileReference; lastKnownFileType = text.plist.xml; path = Info.plist; sourceTree = "<group>"; };
/* End PBXFileReference section */

/* Begin PBXFrameworksBuildPhase section */
		1C00DD4B22833FC5002C954E /* Frameworks */ = {
			isa = PBXFrameworksBuildPhase;
			buildActionMask = 2147483647;
			files = (
			);
			runOnlyForDeploymentPostprocessing = 0;
		};
		1C00DD5F22833FC7002C954E /* Frameworks */ = {
			isa = PBXFrameworksBuildPhase;
			buildActionMask = 2147483647;
			files = (
			);
			runOnlyForDeploymentPostprocessing = 0;
		};
		1C00DD6A22833FC7002C954E /* Frameworks */ = {
			isa = PBXFrameworksBuildPhase;
			buildActionMask = 2147483647;
			files = (
			);
			runOnlyForDeploymentPostprocessing = 0;
		};
/* End PBXFrameworksBuildPhase section */

/* Begin PBXGroup section */
		1C00DD4522833FC5002C954E = {
			isa = PBXGroup;
			children = (
				1C00DD5022833FC5002C954E /* TestViews */,
				1C00DD6522833FC7002C954E /* TestViewsTests */,
				1C00DD7022833FC7002C954E /* TestViewsUITests */,
				1C00DD4F22833FC5002C954E /* Products */,
			);
			sourceTree = "<group>";
		};
		1C00DD4F22833FC5002C954E /* Products */ = {
			isa = PBXGroup;
			children = (
				1C00DD4E22833FC5002C954E /* TestViews.app */,
				1C00DD6222833FC7002C954E /* TestViewsTests.xctest */,
				1C00DD6D22833FC7002C954E /* TestViewsUITests.xctest */,
			);
			name = Products;
			sourceTree = "<group>";
		};
		1C00DD5022833FC5002C954E /* TestViews */ = {
			isa = PBXGroup;
			children = (
				1C00DD5122833FC5002C954E /* AppDelegate.swift */,
				1C00DD5322833FC5002C954E /* ViewController.swift */,
				1C00DD5522833FC5002C954E /* Main.storyboard */,
				1C00DD5822833FC6002C954E /* Assets.xcassets */,
				1C00DD5A22833FC6002C954E /* LaunchScreen.storyboard */,
				1C00DD5D22833FC6002C954E /* Info.plist */,
			);
			path = TestViews;
			sourceTree = "<group>";
		};
		1C00DD6522833FC7002C954E /* TestViewsTests */ = {
			isa = PBXGroup;
			children = (
				1C00DD6622833FC7002C954E /* TestViewsTests.swift */,
				1C00DD6822833FC7002C954E /* Info.plist */,
			);
			path = TestViewsTests;
			sourceTree = "<group>";
		};
		1C00DD7022833FC7002C954E /* TestViewsUITests */ = {
			isa = PBXGroup;
			children = (
				1C00DD7122833FC7002C954E /* TestViewsUITests.swift */,
				1C00DD7322833FC7002C954E /* Info.plist */,
			);
			path = TestViewsUITests;
			sourceTree = "<group>";
		};
/* End PBXGroup section */

/* Begin PBXNativeTarget section */
		1C00DD4D22833FC5002C954E /* TestViews */ = {
			isa = PBXNativeTarget;
			buildConfigurationList = 1C00DD7622833FC7002C954E /* Build configuration list for PBXNativeTarget "TestViews" */;
			buildPhases = (
				1C00DD4A22833FC5002C954E /* Sources */,
				1C00DD4B22833FC5002C954E /* Frameworks */,
				1C00DD4C22833FC5002C954E /* Resources */,
			);
			buildRules = (
			);
			dependencies = (
			);
			name = TestViews;
			productName = TestViews;
			productReference = 1C00DD4E22833FC5002C954E /* TestViews.app */;
			productType = "com.apple.product-type.application";
		};
		1C00DD6122833FC7002C954E /* TestViewsTests */ = {
			isa = PBXNativeTarget;
			buildConfigurationList = 1C00DD7922833FC7002C954E /* Build configuration list for PBXNativeTarget "TestViewsTests" */;
			buildPhases = (
				1C00DD5E22833FC7002C954E /* Sources */,
				1C00DD5F22833FC7002C954E /* Frameworks */,
				1C00DD6022833FC7002C954E /* Resources */,
			);
			buildRules = (
			);
			dependencies = (
				1C00DD6422833FC7002C954E /* PBXTargetDependency */,
			);
			name = TestViewsTests;
			productName = TestViewsTests;
			productReference = 1C00DD6222833FC7002C954E /* TestViewsTests.xctest */;
			productType = "com.apple.product-type.bundle.unit-test";
		};
		1C00DD6C22833FC7002C954E /* TestViewsUITests */ = {
			isa = PBXNativeTarget;
			buildConfigurationList = 1C00DD7C22833FC7002C954E /* Build configuration list for PBXNativeTarget "TestViewsUITests" */;
			buildPhases = (
				1C00DD6922833FC7002C954E /* Sources */,
				1C00DD6A22833FC7002C954E /* Frameworks */,
				1C00DD6B22833FC7002C954E /* Resources */,
			);
			buildRules = (
			);
			dependencies = (
				1C00DD6F22833FC7002C954E /* PBXTargetDependency */,
			);
			name = TestViewsUITests;
			productName = TestViewsUITests;
			productReference = 1C00DD6D22833FC7002C954E /* TestViewsUITests.xctest */;
			productType = "com.apple.product-type.bundle.ui-testing";
		};
/* End PBXNativeTarget section */

/* Begin PBXProject section */
		1C00DD4622833FC5002C954E /* Project object */ = {
			isa = PBXProject;
			attributes = {
				LastSwiftUpdateCheck = 1020;
				LastUpgradeCheck = 1020;
				ORGANIZATIONNAME = artyom.andreev;
				TargetAttributes = {
					1C00DD4D22833FC5002C954E = {
						CreatedOnToolsVersion = 10.2.1;
					};
					1C00DD6122833FC7002C954E = {
						CreatedOnToolsVersion = 10.2.1;
						TestTargetID = 1C00DD4D22833FC5002C954E;
					};
					1C00DD6C22833FC7002C954E = {
						CreatedOnToolsVersion = 10.2.1;
						TestTargetID = 1C00DD4D22833FC5002C954E;
					};
				};
			};
			buildConfigurationList = 1C00DD4922833FC5002C954E /* Build configuration list for PBXProject "TestViews" */;
			compatibilityVersion = "Xcode 9.3";
			developmentRegion = en;
			hasScannedForEncodings = 0;
			knownRegions = (
				en,
				Base,
			);
			mainGroup = 1C00DD4522833FC5002C954E;
			productRefGroup = 1C00DD4F22833FC5002C954E /* Products */;
			projectDirPath = "";
			projectRoot = "";
			targets = (
				1C00DD4D22833FC5002C954E /* TestViews */,
				1C00DD6122833FC7002C954E /* TestViewsTests */,
				1C00DD6C22833FC7002C954E /* TestViewsUITests */,
			);
		};
/* End PBXProject section */

/* Begin PBXResourcesBuildPhase section */
		1C00DD4C22833FC5002C954E /* Resources */ = {
			isa = PBXResourcesBuildPhase;
			buildActionMask = 2147483647;
			files = (
				1C00DD5C22833FC6002C954E /* LaunchScreen.storyboard in Resources */,
				1C00DD5922833FC6002C954E /* Assets.xcassets in Resources */,
				1C00DD5722833FC5002C954E /* Main.storyboard in Resources */,
			);
			runOnlyForDeploymentPostprocessing = 0;
		};
		1C00DD6022833FC7002C954E /* Resources */ = {
			isa = PBXResourcesBuildPhase;
			buildActionMask = 2147483647;
			files = (
			);
			runOnlyForDeploymentPostprocessing = 0;
		};
		1C00DD6B22833FC7002C954E /* Resources */ = {
			isa = PBXResourcesBuildPhase;
			buildActionMask = 2147483647;
			files = (
			);
			runOnlyForDeploymentPostprocessing = 0;
		};
/* End PBXResourcesBuildPhase section */

/* Begin PBXSourcesBuildPhase section */
		1C00DD4A22833FC5002C954E /* Sources */ = {
			isa = PBXSourcesBuildPhase;
			buildActionMask = 2147483647;
			files = (
				1C00DD5422833FC5002C954E /* ViewController.swift in Sources */,
				1C00DD5222833FC5002C954E /* AppDelegate.swift in Sources */,
			);
			runOnlyForDeploymentPostprocessing = 0;
		};
		1C00DD5E22833FC7002C954E /* Sources */ = {
			isa = PBXSourcesBuildPhase;
			buildActionMask = 2147483647;
			files = (
				1C00DD6722833FC7002C954E /* TestViewsTests.swift in Sources */,
			);
			runOnlyForDeploymentPostprocessing = 0;
		};
		1C00DD6922833FC7002C954E /* Sources */ = {
			isa = PBXSourcesBuildPhase;
			buildActionMask = 2147483647;
			files = (
				1C00DD7222833FC7002C954E /* TestViewsUITests.swift in Sources */,
			);
			runOnlyForDeploymentPostprocessing = 0;
		};
/* End PBXSourcesBuildPhase section */

/* Begin PBXTargetDependency section */
		1C00DD6422833FC7002C954E /* PBXTargetDependency */ = {
			isa = PBXTargetDependency;
			target = 1C00DD4D22833FC5002C954E /* TestViews */;
			targetProxy = 1C00DD6322833FC7002C954E /* PBXContainerItemProxy */;
		};
		1C00DD6F22833FC7002C954E /* PBXTargetDependency */ = {
			isa = PBXTargetDependency;
			target = 1C00DD4D22833FC5002C954E /* TestViews */;
			targetProxy = 1C00DD6E22833FC7002C954E /* PBXContainerItemProxy */;
		};
/* End PBXTargetDependency section */

/* Begin PBXVariantGroup section */
		1C00DD5522833FC5002C954E /* Main.storyboard */ = {
			isa = PBXVariantGroup;
			children = (
				1C00DD5622833FC5002C954E /* Base */,
			);
			name = Main.storyboard;
			sourceTree = "<group>";
		};
		1C00DD5A22833FC6002C954E /* LaunchScreen.storyboard */ = {
			isa = PBXVariantGroup;
			children = (
				1C00DD5B22833FC6002C954E /* Base */,
			);
			name = LaunchScreen.storyboard;
			sourceTree = "<group>";
		};
/* End PBXVariantGroup section */

/* Begin XCBuildConfiguration section */
		1C00DD7422833FC7002C954E /* Debug */ = {
			isa = XCBuildConfiguration;
			buildSettings = {
				ALWAYS_SEARCH_USER_PATHS = NO;
				CLANG_ANALYZER_NONNULL = YES;
				CLANG_ANALYZER_NUMBER_OBJECT_CONVERSION = YES_AGGRESSIVE;
				CLANG_CXX_LANGUAGE_STANDARD = "gnu++14";
				CLANG_CXX_LIBRARY = "libc++";
				CLANG_ENABLE_MODULES = YES;
				CLANG_ENABLE_OBJC_ARC = YES;
				CLANG_ENABLE_OBJC_WEAK = YES;
				CLANG_WARN_BLOCK_CAPTURE_AUTORELEASING = YES;
				CLANG_WARN_BOOL_CONVERSION = YES;
				CLANG_WARN_COMMA = YES;
				CLANG_WARN_CONSTANT_CONVERSION = YES;
				CLANG_WARN_DEPRECATED_OBJC_IMPLEMENTATIONS = YES;
				CLANG_WARN_DIRECT_OBJC_ISA_USAGE = YES_ERROR;
				CLANG_WARN_DOCUMENTATION_COMMENTS = YES;
				CLANG_WARN_EMPTY_BODY = YES;
				CLANG_WARN_ENUM_CONVERSION = YES;
				CLANG_WARN_INFINITE_RECURSION = YES;
				CLANG_WARN_INT_CONVERSION = YES;
				CLANG_WARN_NON_LITERAL_NULL_CONVERSION = YES;
				CLANG_WARN_OBJC_IMPLICIT_RETAIN_SELF = YES;
				CLANG_WARN_OBJC_LITERAL_CONVERSION = YES;
				CLANG_WARN_OBJC_ROOT_CLASS = YES_ERROR;
				CLANG_WARN_RANGE_LOOP_ANALYSIS = YES;
				CLANG_WARN_STRICT_PROTOTYPES = YES;
				CLANG_WARN_SUSPICIOUS_MOVE = YES;
				CLANG_WARN_UNGUARDED_AVAILABILITY = YES_AGGRESSIVE;
				CLANG_WARN_UNREACHABLE_CODE = YES;
				CLANG_WARN__DUPLICATE_METHOD_MATCH = YES;
				CODE_SIGN_IDENTITY = "iPhone Developer";
				COPY_PHASE_STRIP = NO;
				DEBUG_INFORMATION_FORMAT = dwarf;
				ENABLE_STRICT_OBJC_MSGSEND = YES;
				ENABLE_TESTABILITY = YES;
				GCC_C_LANGUAGE_STANDARD = gnu11;
				GCC_DYNAMIC_NO_PIC = NO;
				GCC_NO_COMMON_BLOCKS = YES;
				GCC_OPTIMIZATION_LEVEL = 0;
				GCC_PREPROCESSOR_DEFINITIONS = (
					"DEBUG=1",
					"$(inherited)",
				);
				GCC_WARN_64_TO_32_BIT_CONVERSION = YES;
				GCC_WARN_ABOUT_RETURN_TYPE = YES_ERROR;
				GCC_WARN_UNDECLARED_SELECTOR = YES;
				GCC_WARN_UNINITIALIZED_AUTOS = YES_AGGRESSIVE;
				GCC_WARN_UNUSED_FUNCTION = YES;
				GCC_WARN_UNUSED_VARIABLE = YES;
				IPHONEOS_DEPLOYMENT_TARGET = 12.2;
				MTL_ENABLE_DEBUG_INFO = INCLUDE_SOURCE;
				MTL_FAST_MATH = YES;
				ONLY_ACTIVE_ARCH = YES;
				SDKROOT = iphoneos;
				SWIFT_ACTIVE_COMPILATION_CONDITIONS = DEBUG;
				SWIFT_OPTIMIZATION_LEVEL = "-Onone";
			};
			name = Debug;
		};
		1C00DD7522833FC7002C954E /* Release */ = {
			isa = XCBuildConfiguration;
			buildSettings = {
				ALWAYS_SEARCH_USER_PATHS = NO;
				CLANG_ANALYZER_NONNULL = YES;
				CLANG_ANALYZER_NUMBER_OBJECT_CONVERSION = YES_AGGRESSIVE;
				CLANG_CXX_LANGUAGE_STANDARD = "gnu++14";
				CLANG_CXX_LIBRARY = "libc++";
				CLANG_ENABLE_MODULES = YES;
				CLANG_ENABLE_OBJC_ARC = YES;
				CLANG_ENABLE_OBJC_WEAK = YES;
				CLANG_WARN_BLOCK_CAPTURE_AUTORELEASING = YES;
				CLANG_WARN_BOOL_CONVERSION = YES;
				CLANG_WARN_COMMA = YES;
				CLANG_WARN_CONSTANT_CONVERSION = YES;
				CLANG_WARN_DEPRECATED_OBJC_IMPLEMENTATIONS = YES;
				CLANG_WARN_DIRECT_OBJC_ISA_USAGE = YES_ERROR;
				CLANG_WARN_DOCUMENTATION_COMMENTS = YES;
				CLANG_WARN_EMPTY_BODY = YES;
				CLANG_WARN_ENUM_CONVERSION = YES;
				CLANG_WARN_INFINITE_RECURSION = YES;
				CLANG_WARN_INT_CONVERSION = YES;
				CLANG_WARN_NON_LITERAL_NULL_CONVERSION = YES;
				CLANG_WARN_OBJC_IMPLICIT_RETAIN_SELF = YES;
				CLANG_WARN_OBJC_LITERAL_CONVERSION = YES;
				CLANG_WARN_OBJC_ROOT_CLASS = YES_ERROR;
				CLANG_WARN_RANGE_LOOP_ANALYSIS = YES;
				CLANG_WARN_STRICT_PROTOTYPES = YES;
				CLANG_WARN_SUSPICIOUS_MOVE = YES;
				CLANG_WARN_UNGUARDED_AVAILABILITY = YES_AGGRESSIVE;
				CLANG_WARN_UNREACHABLE_CODE = YES;
				CLANG_WARN__DUPLICATE_METHOD_MATCH = YES;
				CODE_SIGN_IDENTITY = "iPhone Developer";
				COPY_PHASE_STRIP = NO;
				DEBUG_INFORMATION_FORMAT = "dwarf-with-dsym";
				ENABLE_NS_ASSERTIONS = NO;
				ENABLE_STRICT_OBJC_MSGSEND = YES;
				GCC_C_LANGUAGE_STANDARD = gnu11;
				GCC_NO_COMMON_BLOCKS = YES;
				GCC_WARN_64_TO_32_BIT_CONVERSION = YES;
				GCC_WARN_ABOUT_RETURN_TYPE = YES_ERROR;
				GCC_WARN_UNDECLARED_SELECTOR = YES;
				GCC_WARN_UNINITIALIZED_AUTOS = YES_AGGRESSIVE;
				GCC_WARN_UNUSED_FUNCTION = YES;
				GCC_WARN_UNUSED_VARIABLE = YES;
				IPHONEOS_DEPLOYMENT_TARGET = 12.2;
				MTL_ENABLE_DEBUG_INFO = NO;
				MTL_FAST_MATH = YES;
				SDKROOT = iphoneos;
				SWIFT_COMPILATION_MODE = wholemodule;
				SWIFT_OPTIMIZATION_LEVEL = "-O";
				VALIDATE_PRODUCT = YES;
			};
			name = Release;
		};
		1C00DD7722833FC7002C954E /* Debug */ = {
			isa = XCBuildConfiguration;
			buildSettings = {
				ASSETCATALOG_COMPILER_APPICON_NAME = AppIcon;
				CODE_SIGN_STYLE = Automatic;
				INFOPLIST_FILE = TestViews/Info.plist;
				LD_RUNPATH_SEARCH_PATHS = (
					"$(inherited)",
					"@executable_path/Frameworks",
				);
				PRODUCT_BUNDLE_IDENTIFIER = artyom.TestViews;
				PRODUCT_NAME = "$(TARGET_NAME)";
				SWIFT_VERSION = 5.0;
				TARGETED_DEVICE_FAMILY = "1,2";
			};
			name = Debug;
		};
		1C00DD7822833FC7002C954E /* Release */ = {
			isa = XCBuildConfiguration;
			buildSettings = {
				ASSETCATALOG_COMPILER_APPICON_NAME = AppIcon;
				CODE_SIGN_STYLE = Automatic;
				INFOPLIST_FILE = TestViews/Info.plist;
				LD_RUNPATH_SEARCH_PATHS = (
					"$(inherited)",
					"@executable_path/Frameworks",
				);
				PRODUCT_BUNDLE_IDENTIFIER = artyom.TestViews;
				PRODUCT_NAME = "$(TARGET_NAME)";
				SWIFT_VERSION = 5.0;
				TARGETED_DEVICE_FAMILY = "1,2";
			};
			name = Release;
		};
		1C00DD7A22833FC7002C954E /* Debug */ = {
			isa = XCBuildConfiguration;
			buildSettings = {
				ALWAYS_EMBED_SWIFT_STANDARD_LIBRARIES = YES;
				BUNDLE_LOADER = "$(TEST_HOST)";
				CODE_SIGN_STYLE = Automatic;
				INFOPLIST_FILE = TestViewsTests/Info.plist;
				LD_RUNPATH_SEARCH_PATHS = (
					"$(inherited)",
					"@executable_path/Frameworks",
					"@loader_path/Frameworks",
				);
				PRODUCT_BUNDLE_IDENTIFIER = artyom.TestViewsTests;
				PRODUCT_NAME = "$(TARGET_NAME)";
				SWIFT_VERSION = 5.0;
				TARGETED_DEVICE_FAMILY = "1,2";
				TEST_HOST = "$(BUILT_PRODUCTS_DIR)/TestViews.app/TestViews";
			};
			name = Debug;
		};
		1C00DD7B22833FC7002C954E /* Release */ = {
			isa = XCBuildConfiguration;
			buildSettings = {
				ALWAYS_EMBED_SWIFT_STANDARD_LIBRARIES = YES;
				BUNDLE_LOADER = "$(TEST_HOST)";
				CODE_SIGN_STYLE = Automatic;
				INFOPLIST_FILE = TestViewsTests/Info.plist;
				LD_RUNPATH_SEARCH_PATHS = (
					"$(inherited)",
					"@executable_path/Frameworks",
					"@loader_path/Frameworks",
				);
				PRODUCT_BUNDLE_IDENTIFIER = artyom.TestViewsTests;
				PRODUCT_NAME = "$(TARGET_NAME)";
				SWIFT_VERSION = 5.0;
				TARGETED_DEVICE_FAMILY = "1,2";
				TEST_HOST = "$(BUILT_PRODUCTS_DIR)/TestViews.app/TestViews";
			};
			name = Release;
		};
		1C00DD7D22833FC7002C954E /* Debug */ = {
			isa = XCBuildConfiguration;
			buildSettings = {
				ALWAYS_EMBED_SWIFT_STANDARD_LIBRARIES = YES;
				CODE_SIGN_STYLE = Automatic;
				INFOPLIST_FILE = TestViewsUITests/Info.plist;
				LD_RUNPATH_SEARCH_PATHS = (
					"$(inherited)",
					"@executable_path/Frameworks",
					"@loader_path/Frameworks",
				);
				PRODUCT_BUNDLE_IDENTIFIER = artyom.TestViewsUITests;
				PRODUCT_NAME = "$(TARGET_NAME)";
				SWIFT_VERSION = 5.0;
				TARGETED_DEVICE_FAMILY = "1,2";
				TEST_TARGET_NAME = TestViews;
			};
			name = Debug;
		};
		1C00DD7E22833FC7002C954E /* Release */ = {
			isa = XCBuildConfiguration;
			buildSettings = {
				ALWAYS_EMBED_SWIFT_STANDARD_LIBRARIES = YES;
				CODE_SIGN_STYLE = Automatic;
				INFOPLIST_FILE = TestViewsUITests/Info.plist;
				LD_RUNPATH_SEARCH_PATHS = (
					"$(inherited)",
					"@executable_path/Frameworks",
					"@loader_path/Frameworks",
				);
				PRODUCT_BUNDLE_IDENTIFIER = artyom.TestViewsUITests;
				PRODUCT_NAME = "$(TARGET_NAME)";
				SWIFT_VERSION = 5.0;
				TARGETED_DEVICE_FAMILY = "1,2";
				TEST_TARGET_NAME = TestViews;
			};
			name = Release;
		};
/* End XCBuildConfiguration section */

/* Begin XCConfigurationList section */
		1C00DD4922833FC5002C954E /* Build configuration list for PBXProject "TestViews" */ = {
			isa = XCConfigurationList;
			buildConfigurations = (
				1C00DD7422833FC7002C954E /* Debug */,
				1C00DD7522833FC7002C954E /* Release */,
			);
			defaultConfigurationIsVisible = 0;
			defaultConfigurationName = Release;
		};
		1C00DD7622833FC7002C954E /* Build configuration list for PBXNativeTarget "TestViews" */ = {
			isa = XCConfigurationList;
			buildConfigurations = (
				1C00DD7722833FC7002C954E /* Debug */,
				1C00DD7822833FC7002C954E /* Release */,
			);
			defaultConfigurationIsVisible = 0;
			defaultConfigurationName = Release;
		};
		1C00DD7922833FC7002C954E /* Build configuration list for PBXNativeTarget "TestViewsTests" */ = {
			isa = XCConfigurationList;
			buildConfigurations = (
				1C00DD7A22833FC7002C954E /* Debug */,
				1C00DD7B22833FC7002C954E /* Release */,
			);
			defaultConfigurationIsVisible = 0;
			defaultConfigurationName = Release;
		};
		1C00DD7C22833FC7002C954E /* Build configuration list for PBXNativeTarget "TestViewsUITests" */ = {
			isa = XCConfigurationList;
			buildConfigurations = (
				1C00DD7D22833FC7002C954E /* Debug */,
				1C00DD7E22833FC7002C954E /* Release */,
			);
			defaultConfigurationIsVisible = 0;
			defaultConfigurationName = Release;
		};
/* End XCConfigurationList section */
	};
	rootObject = 1C00DD4622833FC5002C954E /* Project object */;
}
